// !$*UTF8*$!
{
	archiveVersion = 1;
	classes = {
	};
	objectVersion = 56;
	objects = {

/* Begin PBXBuildFile section */
		FB93931B295D918D00D491CE /* HeaderView.swift in Sources */ = {isa = PBXBuildFile; fileRef = FB93931A295D918D00D491CE /* HeaderView.swift */; };
		FB93931D295D968000D491CE /* SubSectionView.swift in Sources */ = {isa = PBXBuildFile; fileRef = FB93931C295D968000D491CE /* SubSectionView.swift */; };
		FB939321295D9A6400D491CE /* SectionView.swift in Sources */ = {isa = PBXBuildFile; fileRef = FB939320295D9A6400D491CE /* SectionView.swift */; };
		FB939323295D9FCB00D491CE /* StaticPage.swift in Sources */ = {isa = PBXBuildFile; fileRef = FB939322295D9FCB00D491CE /* StaticPage.swift */; };
		FB939325295DA4A200D491CE /* Company.swift in Sources */ = {isa = PBXBuildFile; fileRef = FB939324295DA4A200D491CE /* Company.swift */; };
		FB939328295DBFBC00D491CE /* PasswordResetView.swift in Sources */ = {isa = PBXBuildFile; fileRef = FB939327295DBFBC00D491CE /* PasswordResetView.swift */; };
		FB93932B295DC5BA00D491CE /* SecondaryButton.swift in Sources */ = {isa = PBXBuildFile; fileRef = FB93932A295DC5BA00D491CE /* SecondaryButton.swift */; };
		FB93932E295DD50900D491CE /* PrimaryTextField.swift in Sources */ = {isa = PBXBuildFile; fileRef = FB93932D295DD50900D491CE /* PrimaryTextField.swift */; };
		FB939330295DEAFC00D491CE /* BankButton.swift in Sources */ = {isa = PBXBuildFile; fileRef = FB93932F295DEAFC00D491CE /* BankButton.swift */; };
		FB939332295DF0B900D491CE /* ActivityViewController.swift in Sources */ = {isa = PBXBuildFile; fileRef = FB939331295DF0B900D491CE /* ActivityViewController.swift */; };
		FB939334295DF58300D491CE /* AlertData.swift in Sources */ = {isa = PBXBuildFile; fileRef = FB939333295DF58300D491CE /* AlertData.swift */; };
		FB939337295EBE4500D491CE /* TabBarBackgroundView.swift in Sources */ = {isa = PBXBuildFile; fileRef = FB939336295EBE4500D491CE /* TabBarBackgroundView.swift */; };
		FB939339295EBE7A00D491CE /* TabBarMainItemView.swift in Sources */ = {isa = PBXBuildFile; fileRef = FB939338295EBE7A00D491CE /* TabBarMainItemView.swift */; };
		FB93933B295EBEEB00D491CE /* TestTabBarView.swift in Sources */ = {isa = PBXBuildFile; fileRef = FB93933A295EBEEB00D491CE /* TestTabBarView.swift */; };
		FB93933D295ED0D200D491CE /* TabBarShape.swift in Sources */ = {isa = PBXBuildFile; fileRef = FB93933C295ED0D200D491CE /* TabBarShape.swift */; };
		FB93933F295EFD0100D491CE /* Expert.swift in Sources */ = {isa = PBXBuildFile; fileRef = FB93933E295EFD0100D491CE /* Expert.swift */; };
		FBF9401E29559BE900A8EF10 /* Good_Food_GeoApp.swift in Sources */ = {isa = PBXBuildFile; fileRef = FBF9401D29559BE900A8EF10 /* Good_Food_GeoApp.swift */; };
		FBF9402029559BE900A8EF10 /* ContentView.swift in Sources */ = {isa = PBXBuildFile; fileRef = FBF9401F29559BE900A8EF10 /* ContentView.swift */; };
		FBF9402229559BEB00A8EF10 /* Assets.xcassets in Resources */ = {isa = PBXBuildFile; fileRef = FBF9402129559BEB00A8EF10 /* Assets.xcassets */; };
		FBF9402529559BEB00A8EF10 /* Preview Assets.xcassets in Resources */ = {isa = PBXBuildFile; fileRef = FBF9402429559BEB00A8EF10 /* Preview Assets.xcassets */; };
		FBF9402729559BEB00A8EF10 /* Persistence.swift in Sources */ = {isa = PBXBuildFile; fileRef = FBF9402629559BEB00A8EF10 /* Persistence.swift */; };
		FBF9402A29559BEB00A8EF10 /* Good_Food_Geo.xcdatamodeld in Sources */ = {isa = PBXBuildFile; fileRef = FBF9402829559BEB00A8EF10 /* Good_Food_Geo.xcdatamodeld */; };
		FBF9403529559BEC00A8EF10 /* Good_Food_GeoTests.swift in Sources */ = {isa = PBXBuildFile; fileRef = FBF9403429559BEC00A8EF10 /* Good_Food_GeoTests.swift */; };
		FBF9403F29559BEC00A8EF10 /* Good_Food_GeoUITests.swift in Sources */ = {isa = PBXBuildFile; fileRef = FBF9403E29559BEC00A8EF10 /* Good_Food_GeoUITests.swift */; };
		FBF9404129559BEC00A8EF10 /* Good_Food_GeoUITestsLaunchTests.swift in Sources */ = {isa = PBXBuildFile; fileRef = FBF9404029559BEC00A8EF10 /* Good_Food_GeoUITestsLaunchTests.swift */; };
		FBF9405729559DAF00A8EF10 /* HomeView.swift in Sources */ = {isa = PBXBuildFile; fileRef = FBF9405629559DAF00A8EF10 /* HomeView.swift */; };
		FBF9405929559DBC00A8EF10 /* PostView.swift in Sources */ = {isa = PBXBuildFile; fileRef = FBF9405829559DBC00A8EF10 /* PostView.swift */; };
		FBF9405D29559F2B00A8EF10 /* DesignSystem.swift in Sources */ = {isa = PBXBuildFile; fileRef = FBF9405C29559F2B00A8EF10 /* DesignSystem.swift */; };
		FBF9405F29559F4100A8EF10 /* DesignSystem+Image.swift in Sources */ = {isa = PBXBuildFile; fileRef = FBF9405E29559F4100A8EF10 /* DesignSystem+Image.swift */; };
		FBF940612955A73500A8EF10 /* Localization.swift in Sources */ = {isa = PBXBuildFile; fileRef = FBF940602955A73500A8EF10 /* Localization.swift */; };
		FBF940642955A7D100A8EF10 /* Language.swift in Sources */ = {isa = PBXBuildFile; fileRef = FBF940632955A7D100A8EF10 /* Language.swift */; };
		FBF940682955AA4300A8EF10 /* Localizable.strings in Resources */ = {isa = PBXBuildFile; fileRef = FBF9406A2955AA4300A8EF10 /* Localizable.strings */; };
		FBF940732955ACE300A8EF10 /* AboutUsView.swift in Sources */ = {isa = PBXBuildFile; fileRef = FBF940722955ACE300A8EF10 /* AboutUsView.swift */; };
		FBF940772955AD0400A8EF10 /* ScanView.swift in Sources */ = {isa = PBXBuildFile; fileRef = FBF940762955AD0400A8EF10 /* ScanView.swift */; };
		FBF940792955AD0F00A8EF10 /* DonationView.swift in Sources */ = {isa = PBXBuildFile; fileRef = FBF940782955AD0F00A8EF10 /* DonationView.swift */; };
		FBF9407B2955AD1800A8EF10 /* ExpertView.swift in Sources */ = {isa = PBXBuildFile; fileRef = FBF9407A2955AD1800A8EF10 /* ExpertView.swift */; };
		FBF9407D2955B23F00A8EF10 /* PreScanFormView.swift in Sources */ = {isa = PBXBuildFile; fileRef = FBF9407C2955B23F00A8EF10 /* PreScanFormView.swift */; };
		FBF940812955B3A800A8EF10 /* FormItemView.swift in Sources */ = {isa = PBXBuildFile; fileRef = FBF940802955B3A800A8EF10 /* FormItemView.swift */; };
		FBF940842955BAF900A8EF10 /* HorizontalDivider.swift in Sources */ = {isa = PBXBuildFile; fileRef = FBF940832955BAF900A8EF10 /* HorizontalDivider.swift */; };
		FBF940862955BB9000A8EF10 /* DesignSystem+Color.swift in Sources */ = {isa = PBXBuildFile; fileRef = FBF940852955BB9000A8EF10 /* DesignSystem+Color.swift */; };
		FBF940892955DB0900A8EF10 /* LaunchScreen.swift in Sources */ = {isa = PBXBuildFile; fileRef = FBF940882955DB0900A8EF10 /* LaunchScreen.swift */; };
		FBF9408D2955E21700A8EF10 /* View+Extensions.swift in Sources */ = {isa = PBXBuildFile; fileRef = FBF9408C2955E21700A8EF10 /* View+Extensions.swift */; };
		FBF9408F2955EE9F00A8EF10 /* Color+Extension.swift in Sources */ = {isa = PBXBuildFile; fileRef = FBF9408E2955EE9F00A8EF10 /* Color+Extension.swift */; };
		FBF940922955EF0600A8EF10 /* LoginView.swift in Sources */ = {isa = PBXBuildFile; fileRef = FBF940912955EF0600A8EF10 /* LoginView.swift */; };
		FBF94095295600A600A8EF10 /* SignUpView.swift in Sources */ = {isa = PBXBuildFile; fileRef = FBF94094295600A600A8EF10 /* SignUpView.swift */; };
		FBF94097295608ED00A8EF10 /* PrimaryButton.swift in Sources */ = {isa = PBXBuildFile; fileRef = FBF94096295608ED00A8EF10 /* PrimaryButton.swift */; };
		FBF9409929560B6100A8EF10 /* LinearGradient+Extension.swift in Sources */ = {isa = PBXBuildFile; fileRef = FBF9409829560B6100A8EF10 /* LinearGradient+Extension.swift */; };
		FBF9409B29560C3C00A8EF10 /* Gradient+Extension.swift in Sources */ = {isa = PBXBuildFile; fileRef = FBF9409A29560C3C00A8EF10 /* Gradient+Extension.swift */; };
		FBF9409F29560DF300A8EF10 /* CompanyButton.swift in Sources */ = {isa = PBXBuildFile; fileRef = FBF9409E29560DF300A8EF10 /* CompanyButton.swift */; };
/* End PBXBuildFile section */

/* Begin PBXContainerItemProxy section */
		FBF9403129559BEC00A8EF10 /* PBXContainerItemProxy */ = {
			isa = PBXContainerItemProxy;
			containerPortal = FBF9401229559BE900A8EF10 /* Project object */;
			proxyType = 1;
			remoteGlobalIDString = FBF9401929559BE900A8EF10;
			remoteInfo = "Good Food Geo";
		};
		FBF9403B29559BEC00A8EF10 /* PBXContainerItemProxy */ = {
			isa = PBXContainerItemProxy;
			containerPortal = FBF9401229559BE900A8EF10 /* Project object */;
			proxyType = 1;
			remoteGlobalIDString = FBF9401929559BE900A8EF10;
			remoteInfo = "Good Food Geo";
		};
/* End PBXContainerItemProxy section */

/* Begin PBXFileReference section */
		FB93931A295D918D00D491CE /* HeaderView.swift */ = {isa = PBXFileReference; lastKnownFileType = sourcecode.swift; path = HeaderView.swift; sourceTree = "<group>"; };
		FB93931C295D968000D491CE /* SubSectionView.swift */ = {isa = PBXFileReference; lastKnownFileType = sourcecode.swift; path = SubSectionView.swift; sourceTree = "<group>"; };
		FB939320295D9A6400D491CE /* SectionView.swift */ = {isa = PBXFileReference; lastKnownFileType = sourcecode.swift; path = SectionView.swift; sourceTree = "<group>"; };
		FB939322295D9FCB00D491CE /* StaticPage.swift */ = {isa = PBXFileReference; lastKnownFileType = sourcecode.swift; path = StaticPage.swift; sourceTree = "<group>"; };
		FB939324295DA4A200D491CE /* Company.swift */ = {isa = PBXFileReference; lastKnownFileType = sourcecode.swift; path = Company.swift; sourceTree = "<group>"; };
		FB939327295DBFBC00D491CE /* PasswordResetView.swift */ = {isa = PBXFileReference; lastKnownFileType = sourcecode.swift; path = PasswordResetView.swift; sourceTree = "<group>"; };
		FB93932A295DC5BA00D491CE /* SecondaryButton.swift */ = {isa = PBXFileReference; lastKnownFileType = sourcecode.swift; path = SecondaryButton.swift; sourceTree = "<group>"; };
		FB93932D295DD50900D491CE /* PrimaryTextField.swift */ = {isa = PBXFileReference; lastKnownFileType = sourcecode.swift; path = PrimaryTextField.swift; sourceTree = "<group>"; };
		FB93932F295DEAFC00D491CE /* BankButton.swift */ = {isa = PBXFileReference; lastKnownFileType = sourcecode.swift; path = BankButton.swift; sourceTree = "<group>"; };
		FB939331295DF0B900D491CE /* ActivityViewController.swift */ = {isa = PBXFileReference; lastKnownFileType = sourcecode.swift; path = ActivityViewController.swift; sourceTree = "<group>"; };
		FB939333295DF58300D491CE /* AlertData.swift */ = {isa = PBXFileReference; lastKnownFileType = sourcecode.swift; path = AlertData.swift; sourceTree = "<group>"; };
		FB939336295EBE4500D491CE /* TabBarBackgroundView.swift */ = {isa = PBXFileReference; lastKnownFileType = sourcecode.swift; path = TabBarBackgroundView.swift; sourceTree = "<group>"; };
		FB939338295EBE7A00D491CE /* TabBarMainItemView.swift */ = {isa = PBXFileReference; lastKnownFileType = sourcecode.swift; path = TabBarMainItemView.swift; sourceTree = "<group>"; };
		FB93933A295EBEEB00D491CE /* TestTabBarView.swift */ = {isa = PBXFileReference; lastKnownFileType = sourcecode.swift; path = TestTabBarView.swift; sourceTree = "<group>"; };
		FB93933C295ED0D200D491CE /* TabBarShape.swift */ = {isa = PBXFileReference; lastKnownFileType = sourcecode.swift; path = TabBarShape.swift; sourceTree = "<group>"; };
		FB93933E295EFD0100D491CE /* Expert.swift */ = {isa = PBXFileReference; lastKnownFileType = sourcecode.swift; path = Expert.swift; sourceTree = "<group>"; };
		FBF9401A29559BE900A8EF10 /* Good Food Geo.app */ = {isa = PBXFileReference; explicitFileType = wrapper.application; includeInIndex = 0; path = "Good Food Geo.app"; sourceTree = BUILT_PRODUCTS_DIR; };
		FBF9401D29559BE900A8EF10 /* Good_Food_GeoApp.swift */ = {isa = PBXFileReference; lastKnownFileType = sourcecode.swift; path = Good_Food_GeoApp.swift; sourceTree = "<group>"; };
		FBF9401F29559BE900A8EF10 /* ContentView.swift */ = {isa = PBXFileReference; lastKnownFileType = sourcecode.swift; path = ContentView.swift; sourceTree = "<group>"; };
		FBF9402129559BEB00A8EF10 /* Assets.xcassets */ = {isa = PBXFileReference; lastKnownFileType = folder.assetcatalog; path = Assets.xcassets; sourceTree = "<group>"; };
		FBF9402429559BEB00A8EF10 /* Preview Assets.xcassets */ = {isa = PBXFileReference; lastKnownFileType = folder.assetcatalog; path = "Preview Assets.xcassets"; sourceTree = "<group>"; };
		FBF9402629559BEB00A8EF10 /* Persistence.swift */ = {isa = PBXFileReference; lastKnownFileType = sourcecode.swift; path = Persistence.swift; sourceTree = "<group>"; };
		FBF9402929559BEB00A8EF10 /* Good_Food_Geo.xcdatamodel */ = {isa = PBXFileReference; lastKnownFileType = wrapper.xcdatamodel; path = Good_Food_Geo.xcdatamodel; sourceTree = "<group>"; };
		FBF9402B29559BEB00A8EF10 /* Info.plist */ = {isa = PBXFileReference; lastKnownFileType = text.plist.xml; path = Info.plist; sourceTree = "<group>"; };
		FBF9403029559BEC00A8EF10 /* Good Food GeoTests.xctest */ = {isa = PBXFileReference; explicitFileType = wrapper.cfbundle; includeInIndex = 0; path = "Good Food GeoTests.xctest"; sourceTree = BUILT_PRODUCTS_DIR; };
		FBF9403429559BEC00A8EF10 /* Good_Food_GeoTests.swift */ = {isa = PBXFileReference; lastKnownFileType = sourcecode.swift; path = Good_Food_GeoTests.swift; sourceTree = "<group>"; };
		FBF9403A29559BEC00A8EF10 /* Good Food GeoUITests.xctest */ = {isa = PBXFileReference; explicitFileType = wrapper.cfbundle; includeInIndex = 0; path = "Good Food GeoUITests.xctest"; sourceTree = BUILT_PRODUCTS_DIR; };
		FBF9403E29559BEC00A8EF10 /* Good_Food_GeoUITests.swift */ = {isa = PBXFileReference; lastKnownFileType = sourcecode.swift; path = Good_Food_GeoUITests.swift; sourceTree = "<group>"; };
		FBF9404029559BEC00A8EF10 /* Good_Food_GeoUITestsLaunchTests.swift */ = {isa = PBXFileReference; lastKnownFileType = sourcecode.swift; path = Good_Food_GeoUITestsLaunchTests.swift; sourceTree = "<group>"; };
		FBF9405629559DAF00A8EF10 /* HomeView.swift */ = {isa = PBXFileReference; lastKnownFileType = sourcecode.swift; path = HomeView.swift; sourceTree = "<group>"; };
		FBF9405829559DBC00A8EF10 /* PostView.swift */ = {isa = PBXFileReference; lastKnownFileType = sourcecode.swift; path = PostView.swift; sourceTree = "<group>"; };
		FBF9405C29559F2B00A8EF10 /* DesignSystem.swift */ = {isa = PBXFileReference; lastKnownFileType = sourcecode.swift; path = DesignSystem.swift; sourceTree = "<group>"; };
		FBF9405E29559F4100A8EF10 /* DesignSystem+Image.swift */ = {isa = PBXFileReference; lastKnownFileType = sourcecode.swift; path = "DesignSystem+Image.swift"; sourceTree = "<group>"; };
		FBF940602955A73500A8EF10 /* Localization.swift */ = {isa = PBXFileReference; lastKnownFileType = sourcecode.swift; path = Localization.swift; sourceTree = "<group>"; };
		FBF940632955A7D100A8EF10 /* Language.swift */ = {isa = PBXFileReference; lastKnownFileType = sourcecode.swift; path = Language.swift; sourceTree = "<group>"; };
		FBF940692955AA4300A8EF10 /* en */ = {isa = PBXFileReference; lastKnownFileType = text.plist.strings; name = en; path = en.lproj/Localizable.strings; sourceTree = "<group>"; };
		FBF940702955AC0200A8EF10 /* ka */ = {isa = PBXFileReference; lastKnownFileType = text.plist.strings; name = ka; path = ka.lproj/Localizable.strings; sourceTree = "<group>"; };
		FBF940722955ACE300A8EF10 /* AboutUsView.swift */ = {isa = PBXFileReference; lastKnownFileType = sourcecode.swift; path = AboutUsView.swift; sourceTree = "<group>"; };
		FBF940762955AD0400A8EF10 /* ScanView.swift */ = {isa = PBXFileReference; lastKnownFileType = sourcecode.swift; path = ScanView.swift; sourceTree = "<group>"; };
		FBF940782955AD0F00A8EF10 /* DonationView.swift */ = {isa = PBXFileReference; lastKnownFileType = sourcecode.swift; path = DonationView.swift; sourceTree = "<group>"; };
		FBF9407A2955AD1800A8EF10 /* ExpertView.swift */ = {isa = PBXFileReference; lastKnownFileType = sourcecode.swift; path = ExpertView.swift; sourceTree = "<group>"; };
		FBF9407C2955B23F00A8EF10 /* PreScanFormView.swift */ = {isa = PBXFileReference; lastKnownFileType = sourcecode.swift; path = PreScanFormView.swift; sourceTree = "<group>"; };
		FBF940802955B3A800A8EF10 /* FormItemView.swift */ = {isa = PBXFileReference; lastKnownFileType = sourcecode.swift; path = FormItemView.swift; sourceTree = "<group>"; };
		FBF940832955BAF900A8EF10 /* HorizontalDivider.swift */ = {isa = PBXFileReference; lastKnownFileType = sourcecode.swift; path = HorizontalDivider.swift; sourceTree = "<group>"; };
		FBF940852955BB9000A8EF10 /* DesignSystem+Color.swift */ = {isa = PBXFileReference; lastKnownFileType = sourcecode.swift; path = "DesignSystem+Color.swift"; sourceTree = "<group>"; };
		FBF940882955DB0900A8EF10 /* LaunchScreen.swift */ = {isa = PBXFileReference; lastKnownFileType = sourcecode.swift; path = LaunchScreen.swift; sourceTree = "<group>"; };
		FBF9408C2955E21700A8EF10 /* View+Extensions.swift */ = {isa = PBXFileReference; lastKnownFileType = sourcecode.swift; path = "View+Extensions.swift"; sourceTree = "<group>"; };
		FBF9408E2955EE9F00A8EF10 /* Color+Extension.swift */ = {isa = PBXFileReference; lastKnownFileType = sourcecode.swift; path = "Color+Extension.swift"; sourceTree = "<group>"; };
		FBF940912955EF0600A8EF10 /* LoginView.swift */ = {isa = PBXFileReference; lastKnownFileType = sourcecode.swift; path = LoginView.swift; sourceTree = "<group>"; };
		FBF94094295600A600A8EF10 /* SignUpView.swift */ = {isa = PBXFileReference; lastKnownFileType = sourcecode.swift; path = SignUpView.swift; sourceTree = "<group>"; };
		FBF94096295608ED00A8EF10 /* PrimaryButton.swift */ = {isa = PBXFileReference; lastKnownFileType = sourcecode.swift; path = PrimaryButton.swift; sourceTree = "<group>"; };
		FBF9409829560B6100A8EF10 /* LinearGradient+Extension.swift */ = {isa = PBXFileReference; lastKnownFileType = sourcecode.swift; path = "LinearGradient+Extension.swift"; sourceTree = "<group>"; };
		FBF9409A29560C3C00A8EF10 /* Gradient+Extension.swift */ = {isa = PBXFileReference; lastKnownFileType = sourcecode.swift; path = "Gradient+Extension.swift"; sourceTree = "<group>"; };
		FBF9409E29560DF300A8EF10 /* CompanyButton.swift */ = {isa = PBXFileReference; lastKnownFileType = sourcecode.swift; path = CompanyButton.swift; sourceTree = "<group>"; };
/* End PBXFileReference section */

/* Begin PBXFrameworksBuildPhase section */
		FBF9401729559BE900A8EF10 /* Frameworks */ = {
			isa = PBXFrameworksBuildPhase;
			buildActionMask = 2147483647;
			files = (
			);
			runOnlyForDeploymentPostprocessing = 0;
		};
		FBF9402D29559BEC00A8EF10 /* Frameworks */ = {
			isa = PBXFrameworksBuildPhase;
			buildActionMask = 2147483647;
			files = (
			);
			runOnlyForDeploymentPostprocessing = 0;
		};
		FBF9403729559BEC00A8EF10 /* Frameworks */ = {
			isa = PBXFrameworksBuildPhase;
			buildActionMask = 2147483647;
			files = (
			);
			runOnlyForDeploymentPostprocessing = 0;
		};
/* End PBXFrameworksBuildPhase section */

/* Begin PBXGroup section */
		FB939326295DBFA100D491CE /* PasswordReset */ = {
			isa = PBXGroup;
			children = (
				FB939327295DBFBC00D491CE /* PasswordResetView.swift */,
			);
			path = PasswordReset;
			sourceTree = "<group>";
		};
		FB93932C295DC7BF00D491CE /* Buttons */ = {
			isa = PBXGroup;
			children = (
				FBF94096295608ED00A8EF10 /* PrimaryButton.swift */,
				FBF9409E29560DF300A8EF10 /* CompanyButton.swift */,
				FB93932A295DC5BA00D491CE /* SecondaryButton.swift */,
			);
			path = Buttons;
			sourceTree = "<group>";
		};
		FB939335295EBE1900D491CE /* TabBar */ = {
			isa = PBXGroup;
			children = (
				FB939336295EBE4500D491CE /* TabBarBackgroundView.swift */,
				FB939338295EBE7A00D491CE /* TabBarMainItemView.swift */,
				FB93933C295ED0D200D491CE /* TabBarShape.swift */,
			);
			path = TabBar;
			sourceTree = "<group>";
		};
		FBF9401129559BE900A8EF10 = {
			isa = PBXGroup;
			children = (
				FBF9401C29559BE900A8EF10 /* Good Food Geo */,
				FBF9403329559BEC00A8EF10 /* Good Food GeoTests */,
				FBF9403D29559BEC00A8EF10 /* Good Food GeoUITests */,
				FBF9401B29559BE900A8EF10 /* Products */,
			);
			sourceTree = "<group>";
		};
		FBF9401B29559BE900A8EF10 /* Products */ = {
			isa = PBXGroup;
			children = (
				FBF9401A29559BE900A8EF10 /* Good Food Geo.app */,
				FBF9403029559BEC00A8EF10 /* Good Food GeoTests.xctest */,
				FBF9403A29559BEC00A8EF10 /* Good Food GeoUITests.xctest */,
			);
			name = Products;
			sourceTree = "<group>";
		};
		FBF9401C29559BE900A8EF10 /* Good Food Geo */ = {
			isa = PBXGroup;
			children = (
				FBF9408A2955E20100A8EF10 /* Shared */,
				FBF940622955A7C300A8EF10 /* Localization */,
				FBF9405B29559F0900A8EF10 /* Domain */,
				FBF9405A29559EFF00A8EF10 /* Design System */,
				FBF9401D29559BE900A8EF10 /* Good_Food_GeoApp.swift */,
				FB93933A295EBEEB00D491CE /* TestTabBarView.swift */,
				FBF9401F29559BE900A8EF10 /* ContentView.swift */,
				FBF9402129559BEB00A8EF10 /* Assets.xcassets */,
				FBF9402629559BEB00A8EF10 /* Persistence.swift */,
				FBF9402B29559BEB00A8EF10 /* Info.plist */,
				FBF9402829559BEB00A8EF10 /* Good_Food_Geo.xcdatamodeld */,
				FBF9402329559BEB00A8EF10 /* Preview Content */,
			);
			path = "Good Food Geo";
			sourceTree = "<group>";
		};
		FBF9402329559BEB00A8EF10 /* Preview Content */ = {
			isa = PBXGroup;
			children = (
				FBF9402429559BEB00A8EF10 /* Preview Assets.xcassets */,
			);
			path = "Preview Content";
			sourceTree = "<group>";
		};
		FBF9403329559BEC00A8EF10 /* Good Food GeoTests */ = {
			isa = PBXGroup;
			children = (
				FBF9403429559BEC00A8EF10 /* Good_Food_GeoTests.swift */,
			);
			path = "Good Food GeoTests";
			sourceTree = "<group>";
		};
		FBF9403D29559BEC00A8EF10 /* Good Food GeoUITests */ = {
			isa = PBXGroup;
			children = (
				FBF9403E29559BEC00A8EF10 /* Good_Food_GeoUITests.swift */,
				FBF9404029559BEC00A8EF10 /* Good_Food_GeoUITestsLaunchTests.swift */,
			);
			path = "Good Food GeoUITests";
			sourceTree = "<group>";
		};
		FBF9404D29559CB600A8EF10 /* About Us */ = {
			isa = PBXGroup;
			children = (
				FBF940722955ACE300A8EF10 /* AboutUsView.swift */,
			);
			path = "About Us";
			sourceTree = "<group>";
		};
		FBF9404E29559CC000A8EF10 /* Scanning */ = {
			isa = PBXGroup;
			children = (
				FBF940762955AD0400A8EF10 /* ScanView.swift */,
				FBF9407C2955B23F00A8EF10 /* PreScanFormView.swift */,
				FBF940802955B3A800A8EF10 /* FormItemView.swift */,
			);
			path = Scanning;
			sourceTree = "<group>";
		};
		FBF9404F29559CCE00A8EF10 /* Home */ = {
			isa = PBXGroup;
			children = (
				FBF9405629559DAF00A8EF10 /* HomeView.swift */,
				FBF9405829559DBC00A8EF10 /* PostView.swift */,
			);
			path = Home;
			sourceTree = "<group>";
		};
		FBF9405029559CD500A8EF10 /* Donation */ = {
			isa = PBXGroup;
			children = (
				FBF940782955AD0F00A8EF10 /* DonationView.swift */,
				FB93932F295DEAFC00D491CE /* BankButton.swift */,
			);
			path = Donation;
			sourceTree = "<group>";
		};
		FBF9405129559CDB00A8EF10 /* Expert */ = {
			isa = PBXGroup;
			children = (
				FBF9407A2955AD1800A8EF10 /* ExpertView.swift */,
				FB93933E295EFD0100D491CE /* Expert.swift */,
			);
			path = Expert;
			sourceTree = "<group>";
		};
		FBF9405A29559EFF00A8EF10 /* Design System */ = {
			isa = PBXGroup;
			children = (
				FBF9405C29559F2B00A8EF10 /* DesignSystem.swift */,
				FBF940852955BB9000A8EF10 /* DesignSystem+Color.swift */,
				FBF9405E29559F4100A8EF10 /* DesignSystem+Image.swift */,
			);
			path = "Design System";
			sourceTree = "<group>";
		};
		FBF9405B29559F0900A8EF10 /* Domain */ = {
			isa = PBXGroup;
			children = (
				FB939326295DBFA100D491CE /* PasswordReset */,
				FBF940932956009400A8EF10 /* Sign Up */,
				FBF940902955EEFA00A8EF10 /* Login */,
				FBF940872955DAFA00A8EF10 /* LaunchScreen */,
				FBF9405129559CDB00A8EF10 /* Expert */,
				FBF9405029559CD500A8EF10 /* Donation */,
				FBF9404F29559CCE00A8EF10 /* Home */,
				FBF9404E29559CC000A8EF10 /* Scanning */,
				FBF9404D29559CB600A8EF10 /* About Us */,
			);
			path = Domain;
			sourceTree = "<group>";
		};
		FBF940622955A7C300A8EF10 /* Localization */ = {
			isa = PBXGroup;
			children = (
				FBF940602955A73500A8EF10 /* Localization.swift */,
				FBF940632955A7D100A8EF10 /* Language.swift */,
				FBF9406A2955AA4300A8EF10 /* Localizable.strings */,
			);
			path = Localization;
			sourceTree = "<group>";
		};
		FBF940822955BAD500A8EF10 /* Components */ = {
			isa = PBXGroup;
			children = (
				FB939335295EBE1900D491CE /* TabBar */,
				FB93932C295DC7BF00D491CE /* Buttons */,
				FBF940832955BAF900A8EF10 /* HorizontalDivider.swift */,
				FB93931A295D918D00D491CE /* HeaderView.swift */,
				FB93931C295D968000D491CE /* SubSectionView.swift */,
				FB939320295D9A6400D491CE /* SectionView.swift */,
				FB939322295D9FCB00D491CE /* StaticPage.swift */,
				FB93932D295DD50900D491CE /* PrimaryTextField.swift */,
				FB939331295DF0B900D491CE /* ActivityViewController.swift */,
			);
			path = Components;
			sourceTree = "<group>";
		};
		FBF940872955DAFA00A8EF10 /* LaunchScreen */ = {
			isa = PBXGroup;
			children = (
				FBF940882955DB0900A8EF10 /* LaunchScreen.swift */,
			);
			path = LaunchScreen;
			sourceTree = "<group>";
		};
		FBF9408A2955E20100A8EF10 /* Shared */ = {
			isa = PBXGroup;
			children = (
				FBF9408B2955E20A00A8EF10 /* Extensions */,
				FBF940822955BAD500A8EF10 /* Components */,
				FB939324295DA4A200D491CE /* Company.swift */,
				FB939333295DF58300D491CE /* AlertData.swift */,
			);
			path = Shared;
			sourceTree = "<group>";
		};
		FBF9408B2955E20A00A8EF10 /* Extensions */ = {
			isa = PBXGroup;
			children = (
				FBF9408C2955E21700A8EF10 /* View+Extensions.swift */,
				FBF9408E2955EE9F00A8EF10 /* Color+Extension.swift */,
				FBF9409829560B6100A8EF10 /* LinearGradient+Extension.swift */,
				FBF9409A29560C3C00A8EF10 /* Gradient+Extension.swift */,
			);
			path = Extensions;
			sourceTree = "<group>";
		};
		FBF940902955EEFA00A8EF10 /* Login */ = {
			isa = PBXGroup;
			children = (
				FBF940912955EF0600A8EF10 /* LoginView.swift */,
			);
			path = Login;
			sourceTree = "<group>";
		};
		FBF940932956009400A8EF10 /* Sign Up */ = {
			isa = PBXGroup;
			children = (
				FBF94094295600A600A8EF10 /* SignUpView.swift */,
			);
			path = "Sign Up";
			sourceTree = "<group>";
		};
/* End PBXGroup section */

/* Begin PBXNativeTarget section */
		FBF9401929559BE900A8EF10 /* Good Food Geo */ = {
			isa = PBXNativeTarget;
			buildConfigurationList = FBF9404429559BEC00A8EF10 /* Build configuration list for PBXNativeTarget "Good Food Geo" */;
			buildPhases = (
				FBF9401629559BE900A8EF10 /* Sources */,
				FBF9401729559BE900A8EF10 /* Frameworks */,
				FBF9401829559BE900A8EF10 /* Resources */,
			);
			buildRules = (
			);
			dependencies = (
			);
			name = "Good Food Geo";
			productName = "Good Food Geo";
			productReference = FBF9401A29559BE900A8EF10 /* Good Food Geo.app */;
			productType = "com.apple.product-type.application";
		};
		FBF9402F29559BEC00A8EF10 /* Good Food GeoTests */ = {
			isa = PBXNativeTarget;
			buildConfigurationList = FBF9404729559BEC00A8EF10 /* Build configuration list for PBXNativeTarget "Good Food GeoTests" */;
			buildPhases = (
				FBF9402C29559BEC00A8EF10 /* Sources */,
				FBF9402D29559BEC00A8EF10 /* Frameworks */,
				FBF9402E29559BEC00A8EF10 /* Resources */,
			);
			buildRules = (
			);
			dependencies = (
				FBF9403229559BEC00A8EF10 /* PBXTargetDependency */,
			);
			name = "Good Food GeoTests";
			productName = "Good Food GeoTests";
			productReference = FBF9403029559BEC00A8EF10 /* Good Food GeoTests.xctest */;
			productType = "com.apple.product-type.bundle.unit-test";
		};
		FBF9403929559BEC00A8EF10 /* Good Food GeoUITests */ = {
			isa = PBXNativeTarget;
			buildConfigurationList = FBF9404A29559BEC00A8EF10 /* Build configuration list for PBXNativeTarget "Good Food GeoUITests" */;
			buildPhases = (
				FBF9403629559BEC00A8EF10 /* Sources */,
				FBF9403729559BEC00A8EF10 /* Frameworks */,
				FBF9403829559BEC00A8EF10 /* Resources */,
			);
			buildRules = (
			);
			dependencies = (
				FBF9403C29559BEC00A8EF10 /* PBXTargetDependency */,
			);
			name = "Good Food GeoUITests";
			productName = "Good Food GeoUITests";
			productReference = FBF9403A29559BEC00A8EF10 /* Good Food GeoUITests.xctest */;
			productType = "com.apple.product-type.bundle.ui-testing";
		};
/* End PBXNativeTarget section */

/* Begin PBXProject section */
		FBF9401229559BE900A8EF10 /* Project object */ = {
			isa = PBXProject;
			attributes = {
				BuildIndependentTargetsInParallel = 1;
				LastSwiftUpdateCheck = 1420;
				LastUpgradeCheck = 1420;
				TargetAttributes = {
					FBF9401929559BE900A8EF10 = {
						CreatedOnToolsVersion = 14.2;
					};
					FBF9402F29559BEC00A8EF10 = {
						CreatedOnToolsVersion = 14.2;
						TestTargetID = FBF9401929559BE900A8EF10;
					};
					FBF9403929559BEC00A8EF10 = {
						CreatedOnToolsVersion = 14.2;
						TestTargetID = FBF9401929559BE900A8EF10;
					};
				};
			};
			buildConfigurationList = FBF9401529559BE900A8EF10 /* Build configuration list for PBXProject "Good Food Geo" */;
			compatibilityVersion = "Xcode 14.0";
			developmentRegion = en;
			hasScannedForEncodings = 0;
			knownRegions = (
				en,
				ka,
			);
			mainGroup = FBF9401129559BE900A8EF10;
			productRefGroup = FBF9401B29559BE900A8EF10 /* Products */;
			projectDirPath = "";
			projectRoot = "";
			targets = (
				FBF9401929559BE900A8EF10 /* Good Food Geo */,
				FBF9402F29559BEC00A8EF10 /* Good Food GeoTests */,
				FBF9403929559BEC00A8EF10 /* Good Food GeoUITests */,
			);
		};
/* End PBXProject section */

/* Begin PBXResourcesBuildPhase section */
		FBF9401829559BE900A8EF10 /* Resources */ = {
			isa = PBXResourcesBuildPhase;
			buildActionMask = 2147483647;
			files = (
				FBF9402529559BEB00A8EF10 /* Preview Assets.xcassets in Resources */,
				FBF940682955AA4300A8EF10 /* Localizable.strings in Resources */,
				FBF9402229559BEB00A8EF10 /* Assets.xcassets in Resources */,
			);
			runOnlyForDeploymentPostprocessing = 0;
		};
		FBF9402E29559BEC00A8EF10 /* Resources */ = {
			isa = PBXResourcesBuildPhase;
			buildActionMask = 2147483647;
			files = (
			);
			runOnlyForDeploymentPostprocessing = 0;
		};
		FBF9403829559BEC00A8EF10 /* Resources */ = {
			isa = PBXResourcesBuildPhase;
			buildActionMask = 2147483647;
			files = (
			);
			runOnlyForDeploymentPostprocessing = 0;
		};
/* End PBXResourcesBuildPhase section */

/* Begin PBXSourcesBuildPhase section */
		FBF9401629559BE900A8EF10 /* Sources */ = {
			isa = PBXSourcesBuildPhase;
			buildActionMask = 2147483647;
			files = (
				FB939334295DF58300D491CE /* AlertData.swift in Sources */,
				FB93932E295DD50900D491CE /* PrimaryTextField.swift in Sources */,
				FBF9405F29559F4100A8EF10 /* DesignSystem+Image.swift in Sources */,
				FBF9408F2955EE9F00A8EF10 /* Color+Extension.swift in Sources */,
				FBF940642955A7D100A8EF10 /* Language.swift in Sources */,
				FBF9402A29559BEB00A8EF10 /* Good_Food_Geo.xcdatamodeld in Sources */,
				FBF9407D2955B23F00A8EF10 /* PreScanFormView.swift in Sources */,
				FBF94095295600A600A8EF10 /* SignUpView.swift in Sources */,
				FBF9402729559BEB00A8EF10 /* Persistence.swift in Sources */,
				FBF9402029559BE900A8EF10 /* ContentView.swift in Sources */,
				FBF940772955AD0400A8EF10 /* ScanView.swift in Sources */,
				FB939321295D9A6400D491CE /* SectionView.swift in Sources */,
				FBF940922955EF0600A8EF10 /* LoginView.swift in Sources */,
				FBF9405729559DAF00A8EF10 /* HomeView.swift in Sources */,
				FBF9409B29560C3C00A8EF10 /* Gradient+Extension.swift in Sources */,
				FBF940612955A73500A8EF10 /* Localization.swift in Sources */,
				FB939330295DEAFC00D491CE /* BankButton.swift in Sources */,
				FBF9407B2955AD1800A8EF10 /* ExpertView.swift in Sources */,
				FBF940732955ACE300A8EF10 /* AboutUsView.swift in Sources */,
				FB939323295D9FCB00D491CE /* StaticPage.swift in Sources */,
				FB93931D295D968000D491CE /* SubSectionView.swift in Sources */,
				FBF940812955B3A800A8EF10 /* FormItemView.swift in Sources */,
				FB93931B295D918D00D491CE /* HeaderView.swift in Sources */,
				FB93932B295DC5BA00D491CE /* SecondaryButton.swift in Sources */,
				FBF94097295608ED00A8EF10 /* PrimaryButton.swift in Sources */,
				FB939328295DBFBC00D491CE /* PasswordResetView.swift in Sources */,
				FBF9409F29560DF300A8EF10 /* CompanyButton.swift in Sources */,
				FBF9405D29559F2B00A8EF10 /* DesignSystem.swift in Sources */,
				FB93933B295EBEEB00D491CE /* TestTabBarView.swift in Sources */,
				FB93933D295ED0D200D491CE /* TabBarShape.swift in Sources */,
				FBF9409929560B6100A8EF10 /* LinearGradient+Extension.swift in Sources */,
				FB939332295DF0B900D491CE /* ActivityViewController.swift in Sources */,
				FBF940842955BAF900A8EF10 /* HorizontalDivider.swift in Sources */,
				FBF940862955BB9000A8EF10 /* DesignSystem+Color.swift in Sources */,
				FB939339295EBE7A00D491CE /* TabBarMainItemView.swift in Sources */,
				FBF940792955AD0F00A8EF10 /* DonationView.swift in Sources */,
				FBF9405929559DBC00A8EF10 /* PostView.swift in Sources */,
				FB939337295EBE4500D491CE /* TabBarBackgroundView.swift in Sources */,
				FB939325295DA4A200D491CE /* Company.swift in Sources */,
				FBF9401E29559BE900A8EF10 /* Good_Food_GeoApp.swift in Sources */,
				FBF9408D2955E21700A8EF10 /* View+Extensions.swift in Sources */,
				FB93933F295EFD0100D491CE /* Expert.swift in Sources */,
				FBF940892955DB0900A8EF10 /* LaunchScreen.swift in Sources */,
			);
			runOnlyForDeploymentPostprocessing = 0;
		};
		FBF9402C29559BEC00A8EF10 /* Sources */ = {
			isa = PBXSourcesBuildPhase;
			buildActionMask = 2147483647;
			files = (
				FBF9403529559BEC00A8EF10 /* Good_Food_GeoTests.swift in Sources */,
			);
			runOnlyForDeploymentPostprocessing = 0;
		};
		FBF9403629559BEC00A8EF10 /* Sources */ = {
			isa = PBXSourcesBuildPhase;
			buildActionMask = 2147483647;
			files = (
				FBF9403F29559BEC00A8EF10 /* Good_Food_GeoUITests.swift in Sources */,
				FBF9404129559BEC00A8EF10 /* Good_Food_GeoUITestsLaunchTests.swift in Sources */,
			);
			runOnlyForDeploymentPostprocessing = 0;
		};
/* End PBXSourcesBuildPhase section */

/* Begin PBXTargetDependency section */
		FBF9403229559BEC00A8EF10 /* PBXTargetDependency */ = {
			isa = PBXTargetDependency;
			target = FBF9401929559BE900A8EF10 /* Good Food Geo */;
			targetProxy = FBF9403129559BEC00A8EF10 /* PBXContainerItemProxy */;
		};
		FBF9403C29559BEC00A8EF10 /* PBXTargetDependency */ = {
			isa = PBXTargetDependency;
			target = FBF9401929559BE900A8EF10 /* Good Food Geo */;
			targetProxy = FBF9403B29559BEC00A8EF10 /* PBXContainerItemProxy */;
		};
/* End PBXTargetDependency section */

/* Begin PBXVariantGroup section */
		FBF9406A2955AA4300A8EF10 /* Localizable.strings */ = {
			isa = PBXVariantGroup;
			children = (
				FBF940692955AA4300A8EF10 /* en */,
				FBF940702955AC0200A8EF10 /* ka */,
			);
			name = Localizable.strings;
			sourceTree = "<group>";
		};
/* End PBXVariantGroup section */

/* Begin XCBuildConfiguration section */
		FBF9404229559BEC00A8EF10 /* Debug */ = {
			isa = XCBuildConfiguration;
			buildSettings = {
				ALWAYS_SEARCH_USER_PATHS = NO;
				CLANG_ANALYZER_LOCALIZABILITY_NONLOCALIZED = YES;
				CLANG_ANALYZER_NONNULL = YES;
				CLANG_ANALYZER_NUMBER_OBJECT_CONVERSION = YES_AGGRESSIVE;
				CLANG_CXX_LANGUAGE_STANDARD = "gnu++20";
				CLANG_ENABLE_MODULES = YES;
				CLANG_ENABLE_OBJC_ARC = YES;
				CLANG_ENABLE_OBJC_WEAK = YES;
				CLANG_WARN_BLOCK_CAPTURE_AUTORELEASING = YES;
				CLANG_WARN_BOOL_CONVERSION = YES;
				CLANG_WARN_COMMA = YES;
				CLANG_WARN_CONSTANT_CONVERSION = YES;
				CLANG_WARN_DEPRECATED_OBJC_IMPLEMENTATIONS = YES;
				CLANG_WARN_DIRECT_OBJC_ISA_USAGE = YES_ERROR;
				CLANG_WARN_DOCUMENTATION_COMMENTS = YES;
				CLANG_WARN_EMPTY_BODY = YES;
				CLANG_WARN_ENUM_CONVERSION = YES;
				CLANG_WARN_INFINITE_RECURSION = YES;
				CLANG_WARN_INT_CONVERSION = YES;
				CLANG_WARN_NON_LITERAL_NULL_CONVERSION = YES;
				CLANG_WARN_OBJC_IMPLICIT_RETAIN_SELF = YES;
				CLANG_WARN_OBJC_LITERAL_CONVERSION = YES;
				CLANG_WARN_OBJC_ROOT_CLASS = YES_ERROR;
				CLANG_WARN_QUOTED_INCLUDE_IN_FRAMEWORK_HEADER = YES;
				CLANG_WARN_RANGE_LOOP_ANALYSIS = YES;
				CLANG_WARN_STRICT_PROTOTYPES = YES;
				CLANG_WARN_SUSPICIOUS_MOVE = YES;
				CLANG_WARN_UNGUARDED_AVAILABILITY = YES_AGGRESSIVE;
				CLANG_WARN_UNREACHABLE_CODE = YES;
				CLANG_WARN__DUPLICATE_METHOD_MATCH = YES;
				COPY_PHASE_STRIP = NO;
				DEBUG_INFORMATION_FORMAT = dwarf;
				ENABLE_STRICT_OBJC_MSGSEND = YES;
				ENABLE_TESTABILITY = YES;
				GCC_C_LANGUAGE_STANDARD = gnu11;
				GCC_DYNAMIC_NO_PIC = NO;
				GCC_NO_COMMON_BLOCKS = YES;
				GCC_OPTIMIZATION_LEVEL = 0;
				GCC_PREPROCESSOR_DEFINITIONS = (
					"DEBUG=1",
					"$(inherited)",
				);
				GCC_WARN_64_TO_32_BIT_CONVERSION = YES;
				GCC_WARN_ABOUT_RETURN_TYPE = YES_ERROR;
				GCC_WARN_UNDECLARED_SELECTOR = YES;
				GCC_WARN_UNINITIALIZED_AUTOS = YES_AGGRESSIVE;
				GCC_WARN_UNUSED_FUNCTION = YES;
				GCC_WARN_UNUSED_VARIABLE = YES;
				IPHONEOS_DEPLOYMENT_TARGET = 16.2;
				MTL_ENABLE_DEBUG_INFO = INCLUDE_SOURCE;
				MTL_FAST_MATH = YES;
				ONLY_ACTIVE_ARCH = YES;
				SDKROOT = iphoneos;
				SWIFT_ACTIVE_COMPILATION_CONDITIONS = DEBUG;
				SWIFT_OPTIMIZATION_LEVEL = "-Onone";
			};
			name = Debug;
		};
		FBF9404329559BEC00A8EF10 /* Release */ = {
			isa = XCBuildConfiguration;
			buildSettings = {
				ALWAYS_SEARCH_USER_PATHS = NO;
				CLANG_ANALYZER_LOCALIZABILITY_NONLOCALIZED = YES;
				CLANG_ANALYZER_NONNULL = YES;
				CLANG_ANALYZER_NUMBER_OBJECT_CONVERSION = YES_AGGRESSIVE;
				CLANG_CXX_LANGUAGE_STANDARD = "gnu++20";
				CLANG_ENABLE_MODULES = YES;
				CLANG_ENABLE_OBJC_ARC = YES;
				CLANG_ENABLE_OBJC_WEAK = YES;
				CLANG_WARN_BLOCK_CAPTURE_AUTORELEASING = YES;
				CLANG_WARN_BOOL_CONVERSION = YES;
				CLANG_WARN_COMMA = YES;
				CLANG_WARN_CONSTANT_CONVERSION = YES;
				CLANG_WARN_DEPRECATED_OBJC_IMPLEMENTATIONS = YES;
				CLANG_WARN_DIRECT_OBJC_ISA_USAGE = YES_ERROR;
				CLANG_WARN_DOCUMENTATION_COMMENTS = YES;
				CLANG_WARN_EMPTY_BODY = YES;
				CLANG_WARN_ENUM_CONVERSION = YES;
				CLANG_WARN_INFINITE_RECURSION = YES;
				CLANG_WARN_INT_CONVERSION = YES;
				CLANG_WARN_NON_LITERAL_NULL_CONVERSION = YES;
				CLANG_WARN_OBJC_IMPLICIT_RETAIN_SELF = YES;
				CLANG_WARN_OBJC_LITERAL_CONVERSION = YES;
				CLANG_WARN_OBJC_ROOT_CLASS = YES_ERROR;
				CLANG_WARN_QUOTED_INCLUDE_IN_FRAMEWORK_HEADER = YES;
				CLANG_WARN_RANGE_LOOP_ANALYSIS = YES;
				CLANG_WARN_STRICT_PROTOTYPES = YES;
				CLANG_WARN_SUSPICIOUS_MOVE = YES;
				CLANG_WARN_UNGUARDED_AVAILABILITY = YES_AGGRESSIVE;
				CLANG_WARN_UNREACHABLE_CODE = YES;
				CLANG_WARN__DUPLICATE_METHOD_MATCH = YES;
				COPY_PHASE_STRIP = NO;
				DEBUG_INFORMATION_FORMAT = "dwarf-with-dsym";
				ENABLE_NS_ASSERTIONS = NO;
				ENABLE_STRICT_OBJC_MSGSEND = YES;
				GCC_C_LANGUAGE_STANDARD = gnu11;
				GCC_NO_COMMON_BLOCKS = YES;
				GCC_WARN_64_TO_32_BIT_CONVERSION = YES;
				GCC_WARN_ABOUT_RETURN_TYPE = YES_ERROR;
				GCC_WARN_UNDECLARED_SELECTOR = YES;
				GCC_WARN_UNINITIALIZED_AUTOS = YES_AGGRESSIVE;
				GCC_WARN_UNUSED_FUNCTION = YES;
				GCC_WARN_UNUSED_VARIABLE = YES;
				IPHONEOS_DEPLOYMENT_TARGET = 16.2;
				MTL_ENABLE_DEBUG_INFO = NO;
				MTL_FAST_MATH = YES;
				SDKROOT = iphoneos;
				SWIFT_COMPILATION_MODE = wholemodule;
				SWIFT_OPTIMIZATION_LEVEL = "-O";
				VALIDATE_PRODUCT = YES;
			};
			name = Release;
		};
		FBF9404529559BEC00A8EF10 /* Debug */ = {
			isa = XCBuildConfiguration;
			buildSettings = {
				ASSETCATALOG_COMPILER_APPICON_NAME = AppIcon;
				ASSETCATALOG_COMPILER_GLOBAL_ACCENT_COLOR_NAME = AccentColor;
				CODE_SIGN_STYLE = Automatic;
				CURRENT_PROJECT_VERSION = 1;
				DEVELOPMENT_ASSET_PATHS = "\"Good Food Geo/Preview Content\"";
				DEVELOPMENT_TEAM = 487Z879GSQ;
				ENABLE_PREVIEWS = YES;
				GENERATE_INFOPLIST_FILE = YES;
				INFOPLIST_KEY_UIApplicationSceneManifest_Generation = YES;
				INFOPLIST_KEY_UIApplicationSupportsIndirectInputEvents = YES;
				INFOPLIST_KEY_UILaunchScreen_Generation = YES;
				INFOPLIST_KEY_UISupportedInterfaceOrientations_iPad = "UIInterfaceOrientationPortrait UIInterfaceOrientationPortraitUpsideDown UIInterfaceOrientationLandscapeLeft UIInterfaceOrientationLandscapeRight";
				INFOPLIST_KEY_UISupportedInterfaceOrientations_iPhone = "UIInterfaceOrientationPortrait UIInterfaceOrientationLandscapeLeft UIInterfaceOrientationLandscapeRight";
				LD_RUNPATH_SEARCH_PATHS = (
					"$(inherited)",
					"@executable_path/Frameworks",
				);
				MARKETING_VERSION = 1.0;
				PRODUCT_BUNDLE_IDENTIFIER = "khizanag.Good-Food-Geo";
				PRODUCT_NAME = "$(TARGET_NAME)";
				SWIFT_EMIT_LOC_STRINGS = YES;
				SWIFT_VERSION = 5.0;
				TARGETED_DEVICE_FAMILY = "1,2";
			};
			name = Debug;
		};
		FBF9404629559BEC00A8EF10 /* Release */ = {
			isa = XCBuildConfiguration;
			buildSettings = {
				ASSETCATALOG_COMPILER_APPICON_NAME = AppIcon;
				ASSETCATALOG_COMPILER_GLOBAL_ACCENT_COLOR_NAME = AccentColor;
				CODE_SIGN_STYLE = Automatic;
				CURRENT_PROJECT_VERSION = 1;
				DEVELOPMENT_ASSET_PATHS = "\"Good Food Geo/Preview Content\"";
				DEVELOPMENT_TEAM = 487Z879GSQ;
				ENABLE_PREVIEWS = YES;
				GENERATE_INFOPLIST_FILE = YES;
				INFOPLIST_KEY_UIApplicationSceneManifest_Generation = YES;
				INFOPLIST_KEY_UIApplicationSupportsIndirectInputEvents = YES;
				INFOPLIST_KEY_UILaunchScreen_Generation = YES;
				INFOPLIST_KEY_UISupportedInterfaceOrientations_iPad = "UIInterfaceOrientationPortrait UIInterfaceOrientationPortraitUpsideDown UIInterfaceOrientationLandscapeLeft UIInterfaceOrientationLandscapeRight";
				INFOPLIST_KEY_UISupportedInterfaceOrientations_iPhone = "UIInterfaceOrientationPortrait UIInterfaceOrientationLandscapeLeft UIInterfaceOrientationLandscapeRight";
				LD_RUNPATH_SEARCH_PATHS = (
					"$(inherited)",
					"@executable_path/Frameworks",
				);
				MARKETING_VERSION = 1.0;
				PRODUCT_BUNDLE_IDENTIFIER = "khizanag.Good-Food-Geo";
				PRODUCT_NAME = "$(TARGET_NAME)";
				SWIFT_EMIT_LOC_STRINGS = YES;
				SWIFT_VERSION = 5.0;
				TARGETED_DEVICE_FAMILY = "1,2";
			};
			name = Release;
		};
		FBF9404829559BEC00A8EF10 /* Debug */ = {
			isa = XCBuildConfiguration;
			buildSettings = {
				ALWAYS_EMBED_SWIFT_STANDARD_LIBRARIES = YES;
				BUNDLE_LOADER = "$(TEST_HOST)";
				CODE_SIGN_STYLE = Automatic;
				CURRENT_PROJECT_VERSION = 1;
				DEVELOPMENT_TEAM = 487Z879GSQ;
				GENERATE_INFOPLIST_FILE = YES;
				IPHONEOS_DEPLOYMENT_TARGET = 16.2;
				MARKETING_VERSION = 1.0;
				PRODUCT_BUNDLE_IDENTIFIER = "khizanag.Good-Food-GeoTests";
				PRODUCT_NAME = "$(TARGET_NAME)";
				SWIFT_EMIT_LOC_STRINGS = NO;
				SWIFT_VERSION = 5.0;
				TARGETED_DEVICE_FAMILY = "1,2";
				TEST_HOST = "$(BUILT_PRODUCTS_DIR)/Good Food Geo.app/$(BUNDLE_EXECUTABLE_FOLDER_PATH)/Good Food Geo";
			};
			name = Debug;
		};
		FBF9404929559BEC00A8EF10 /* Release */ = {
			isa = XCBuildConfiguration;
			buildSettings = {
				ALWAYS_EMBED_SWIFT_STANDARD_LIBRARIES = YES;
				BUNDLE_LOADER = "$(TEST_HOST)";
				CODE_SIGN_STYLE = Automatic;
				CURRENT_PROJECT_VERSION = 1;
				DEVELOPMENT_TEAM = 487Z879GSQ;
				GENERATE_INFOPLIST_FILE = YES;
				IPHONEOS_DEPLOYMENT_TARGET = 16.2;
				MARKETING_VERSION = 1.0;
				PRODUCT_BUNDLE_IDENTIFIER = "khizanag.Good-Food-GeoTests";
				PRODUCT_NAME = "$(TARGET_NAME)";
				SWIFT_EMIT_LOC_STRINGS = NO;
				SWIFT_VERSION = 5.0;
				TARGETED_DEVICE_FAMILY = "1,2";
				TEST_HOST = "$(BUILT_PRODUCTS_DIR)/Good Food Geo.app/$(BUNDLE_EXECUTABLE_FOLDER_PATH)/Good Food Geo";
			};
			name = Release;
		};
		FBF9404B29559BEC00A8EF10 /* Debug */ = {
			isa = XCBuildConfiguration;
			buildSettings = {
				ALWAYS_EMBED_SWIFT_STANDARD_LIBRARIES = YES;
				CODE_SIGN_STYLE = Automatic;
				CURRENT_PROJECT_VERSION = 1;
				DEVELOPMENT_TEAM = 487Z879GSQ;
				GENERATE_INFOPLIST_FILE = YES;
				MARKETING_VERSION = 1.0;
				PRODUCT_BUNDLE_IDENTIFIER = "khizanag.Good-Food-GeoUITests";
				PRODUCT_NAME = "$(TARGET_NAME)";
				SWIFT_EMIT_LOC_STRINGS = NO;
				SWIFT_VERSION = 5.0;
				TARGETED_DEVICE_FAMILY = "1,2";
				TEST_TARGET_NAME = "Good Food Geo";
			};
			name = Debug;
		};
		FBF9404C29559BEC00A8EF10 /* Release */ = {
			isa = XCBuildConfiguration;
			buildSettings = {
				ALWAYS_EMBED_SWIFT_STANDARD_LIBRARIES = YES;
				CODE_SIGN_STYLE = Automatic;
				CURRENT_PROJECT_VERSION = 1;
				DEVELOPMENT_TEAM = 487Z879GSQ;
				GENERATE_INFOPLIST_FILE = YES;
				MARKETING_VERSION = 1.0;
				PRODUCT_BUNDLE_IDENTIFIER = "khizanag.Good-Food-GeoUITests";
				PRODUCT_NAME = "$(TARGET_NAME)";
				SWIFT_EMIT_LOC_STRINGS = NO;
				SWIFT_VERSION = 5.0;
				TARGETED_DEVICE_FAMILY = "1,2";
				TEST_TARGET_NAME = "Good Food Geo";
			};
			name = Release;
		};
/* End XCBuildConfiguration section */

/* Begin XCConfigurationList section */
		FBF9401529559BE900A8EF10 /* Build configuration list for PBXProject "Good Food Geo" */ = {
			isa = XCConfigurationList;
			buildConfigurations = (
				FBF9404229559BEC00A8EF10 /* Debug */,
				FBF9404329559BEC00A8EF10 /* Release */,
			);
			defaultConfigurationIsVisible = 0;
			defaultConfigurationName = Release;
		};
		FBF9404429559BEC00A8EF10 /* Build configuration list for PBXNativeTarget "Good Food Geo" */ = {
			isa = XCConfigurationList;
			buildConfigurations = (
				FBF9404529559BEC00A8EF10 /* Debug */,
				FBF9404629559BEC00A8EF10 /* Release */,
			);
			defaultConfigurationIsVisible = 0;
			defaultConfigurationName = Release;
		};
		FBF9404729559BEC00A8EF10 /* Build configuration list for PBXNativeTarget "Good Food GeoTests" */ = {
			isa = XCConfigurationList;
			buildConfigurations = (
				FBF9404829559BEC00A8EF10 /* Debug */,
				FBF9404929559BEC00A8EF10 /* Release */,
			);
			defaultConfigurationIsVisible = 0;
			defaultConfigurationName = Release;
		};
		FBF9404A29559BEC00A8EF10 /* Build configuration list for PBXNativeTarget "Good Food GeoUITests" */ = {
			isa = XCConfigurationList;
			buildConfigurations = (
				FBF9404B29559BEC00A8EF10 /* Debug */,
				FBF9404C29559BEC00A8EF10 /* Release */,
			);
			defaultConfigurationIsVisible = 0;
			defaultConfigurationName = Release;
		};
/* End XCConfigurationList section */

/* Begin XCVersionGroup section */
		FBF9402829559BEB00A8EF10 /* Good_Food_Geo.xcdatamodeld */ = {
			isa = XCVersionGroup;
			children = (
				FBF9402929559BEB00A8EF10 /* Good_Food_Geo.xcdatamodel */,
			);
			currentVersion = FBF9402929559BEB00A8EF10 /* Good_Food_Geo.xcdatamodel */;
			path = Good_Food_Geo.xcdatamodeld;
			sourceTree = "<group>";
			versionGroupType = wrapper.xcdatamodel;
		};
/* End XCVersionGroup section */
	};
	rootObject = FBF9401229559BE900A8EF10 /* Project object */;
}
